// !$*UTF8*$!
{
	archiveVersion = 1;
	classes = {
	};
	objectVersion = 56;
	objects = {

/* Begin PBXBuildFile section */
		A10000000000000000000001 /* StickyNotesApp.swift in Sources */ = {isa = PBXBuildFile; fileRef = B10000000000000000000001 /* StickyNotesApp.swift */; };
		A10000000000000000000002 /* StickyNote.swift in Sources */ = {isa = PBXBuildFile; fileRef = B10000000000000000000002 /* StickyNote.swift */; };
		A10000000000000000000003 /* StickyNoteStore.swift in Sources */ = {isa = PBXBuildFile; fileRef = B10000000000000000000003 /* StickyNoteStore.swift */; };
		A10000000000000000000004 /* NoteEditorView.swift in Sources */ = {isa = PBXBuildFile; fileRef = B10000000000000000000004 /* NoteEditorView.swift */; };
		A10000000000000000000005 /* NoteWindowController.swift in Sources */ = {isa = PBXBuildFile; fileRef = B10000000000000000000005 /* NoteWindowController.swift */; };
/* End PBXBuildFile section */

/* Begin PBXFileReference section */
		B10000000000000000000000 /* StickyNotes.app */ = {isa = PBXFileReference; explicitFileType = wrapper.application; includeInIndex = 0; path = StickyNotes.app; sourceTree = BUILT_PRODUCTS_DIR; };
		B10000000000000000000001 /* StickyNotesApp.swift */ = {isa = PBXFileReference; lastKnownFileType = sourcecode.swift; path = StickyNotesApp.swift; sourceTree = "<group>"; };
		B10000000000000000000002 /* StickyNote.swift */ = {isa = PBXFileReference; lastKnownFileType = sourcecode.swift; path = StickyNote.swift; sourceTree = "<group>"; };
		B10000000000000000000003 /* StickyNoteStore.swift */ = {isa = PBXFileReference; lastKnownFileType = sourcecode.swift; path = StickyNoteStore.swift; sourceTree = "<group>"; };
		B10000000000000000000004 /* NoteEditorView.swift */ = {isa = PBXFileReference; lastKnownFileType = sourcecode.swift; path = NoteEditorView.swift; sourceTree = "<group>"; };
		B10000000000000000000005 /* NoteWindowController.swift */ = {isa = PBXFileReference; lastKnownFileType = sourcecode.swift; path = NoteWindowController.swift; sourceTree = "<group>"; };
		B10000000000000000000006 /* StickyNotes.entitlements */ = {isa = PBXFileReference; lastKnownFileType = text.plist.entitlements; path = StickyNotes.entitlements; sourceTree = "<group>"; };
/* End PBXFileReference section */

/* Begin PBXFrameworksBuildPhase section */
		C10000000000000000000001 /* Frameworks */ = {
			isa = PBXFrameworksBuildPhase;
			buildActionMask = 2147483647;
			files = (
			);
			runOnlyForDeploymentPostprocessing = 0;
		};
/* End PBXFrameworksBuildPhase section */

/* Begin PBXGroup section */
		C10000000000000000000002 = {
			isa = PBXGroup;
			children = (
				B10000000000000000000001 /* StickyNotesApp.swift */,
				B10000000000000000000002 /* StickyNote.swift */,
				B10000000000000000000003 /* StickyNoteStore.swift */,
				B10000000000000000000004 /* NoteEditorView.swift */,
				B10000000000000000000005 /* NoteWindowController.swift */,
				B10000000000000000000006 /* StickyNotes.entitlements */,
			);
			path = StickyNotes;
			sourceTree = "<group>";
		};
		C10000000000000000000003 = {
			isa = PBXGroup;
			children = (
				B10000000000000000000000 /* StickyNotes.app */,
			);
			name = Products;
			sourceTree = "<group>";
		};
		C10000000000000000000004 = {
			isa = PBXGroup;
			children = (
				C10000000000000000000002 /* StickyNotes */,
				C10000000000000000000003 /* Products */,
			);
			sourceTree = "<group>";
		};
/* End PBXGroup section */

/* Begin PBXNativeTarget section */
		C10000000000000000000005 /* StickyNotes */ = {
			isa = PBXNativeTarget;
			buildConfigurationList = C10000000000000000000009 /* Build configuration list for PBXNativeTarget "StickyNotes" */;
			buildPhases = (
				C10000000000000000000006 /* Sources */,
				C10000000000000000000001 /* Frameworks */,
				C10000000000000000000007 /* Resources */,
			);
			buildRules = (
			);
			dependencies = (
			);
			name = StickyNotes;
			productName = StickyNotes;
			productReference = B10000000000000000000000 /* StickyNotes.app */;
			productType = "com.apple.product-type.application";
		};
/* End PBXNativeTarget section */

/* Begin PBXProject section */
		C10000000000000000000008 /* Project object */ = {
			isa = PBXProject;
			attributes = {
				BuildIndependentTargetsInParallel = 1;
				LastSwiftUpdateCheck = 1600;
				LastUpgradeCheck = 1600;
			};
			buildConfigurationList = C1000000000000000000000A /* Build configuration list for PBXProject "StickyNotes" */;
			compatibilityVersion = "Xcode 14.0";
			developmentRegion = en;
			hasScannedForEncodings = 0;
			knownRegions = (
				en,
				Base,
			);
			mainGroup = C10000000000000000000004;
			productRefGroup = C10000000000000000000003 /* Products */;
			projectDirPath = "";
			projectRoot = "";
			targets = (
				C10000000000000000000005 /* StickyNotes */,
			);
		};
/* End PBXProject section */

/* Begin PBXResourcesBuildPhase section */
		C10000000000000000000007 /* Resources */ = {
			isa = PBXResourcesBuildPhase;
			buildActionMask = 2147483647;
			files = (
			);
			runOnlyForDeploymentPostprocessing = 0;
		};
/* End PBXResourcesBuildPhase section */

/* Begin PBXSourcesBuildPhase section */
		C10000000000000000000006 /* Sources */ = {
			isa = PBXSourcesBuildPhase;
			buildActionMask = 2147483647;
			files = (
				A10000000000000000000001 /* StickyNotesApp.swift in Sources */,
				A10000000000000000000002 /* StickyNote.swift in Sources */,
				A10000000000000000000003 /* StickyNoteStore.swift in Sources */,
				A10000000000000000000004 /* NoteEditorView.swift in Sources */,
				A10000000000000000000005 /* NoteWindowController.swift in Sources */,
			);
			runOnlyForDeploymentPostprocessing = 0;
		};
/* End PBXSourcesBuildPhase section */

/* Begin XCBuildConfiguration section */
		D10000000000000000000001 /* Debug */ = {
			isa = XCBuildConfiguration;
			buildSettings = {
				ALWAYS_SEARCH_USER_PATHS = NO;
				CLANG_ENABLE_MODULES = YES;
				CODE_SIGN_ENTITLEMENTS = StickyNotes/StickyNotes.entitlements;
				CODE_SIGNING_ALLOWED = NO;
				CODE_SIGNING_REQUIRED = NO;
				CODE_SIGN_IDENTITY = "-";
				CURRENT_PROJECT_VERSION = 1;
				DEBUG_INFORMATION_FORMAT = dwarf;
				DEVELOPMENT_TEAM = "";
				ENABLE_APP_SANDBOX = NO;
				GCC_C_LANGUAGE_STANDARD = gnu17;
				GENERATE_INFOPLIST_FILE = YES;
				INFOPLIST_KEY_LSApplicationCategoryType = "public.app-category.utilities";
				INFOPLIST_KEY_NSHumanReadableCopyright = "";
				MACOSX_DEPLOYMENT_TARGET = 13.0;
				ONLY_ACTIVE_ARCH = YES;
				PRODUCT_MODULE_NAME = StickyNotes;
				PRODUCT_NAME = StickyNotes;
				PRODUCT_BUNDLE_IDENTIFIER = com.example.StickyNotes;
				SDKROOT = macosx;
				SWIFT_OPTIMIZATION_LEVEL = "-Onone";
				SWIFT_VERSION = 5.0;
			};
			name = Debug;
		};
		D10000000000000000000002 /* Release */ = {
			isa = XCBuildConfiguration;
			buildSettings = {
				ALWAYS_SEARCH_USER_PATHS = NO;
				CLANG_ENABLE_MODULES = YES;
				CODE_SIGN_ENTITLEMENTS = StickyNotes/StickyNotes.entitlements;
				CODE_SIGNING_ALLOWED = NO;
				CODE_SIGNING_REQUIRED = NO;
				CODE_SIGN_IDENTITY = "-";
				CURRENT_PROJECT_VERSION = 1;
				DEVELOPMENT_TEAM = "";
				ENABLE_APP_SANDBOX = NO;
				GCC_C_LANGUAGE_STANDARD = gnu17;
				GENERATE_INFOPLIST_FILE = YES;
				INFOPLIST_KEY_LSApplicationCategoryType = "public.app-category.utilities";
				INFOPLIST_KEY_NSHumanReadableCopyright = "";
				MACOSX_DEPLOYMENT_TARGET = 13.0;
				PRODUCT_MODULE_NAME = StickyNotes;
				PRODUCT_NAME = StickyNotes;
				PRODUCT_BUNDLE_IDENTIFIER = com.example.StickyNotes;
				SDKROOT = macosx;
				SWIFT_OPTIMIZATION_LEVEL = "-O";
				SWIFT_VERSION = 5.0;
			};
			name = Release;
		};
		D10000000000000000000003 /* Debug */ = {
			isa = XCBuildConfiguration;
			buildSettings = {
				ALWAYS_SEARCH_USER_PATHS = NO;
				CLANG_ENABLE_MODULES = YES;
				CODE_SIGNING_ALLOWED = NO;
				CODE_SIGNING_REQUIRED = NO;
				CODE_SIGN_IDENTITY = "-";
				CURRENT_PROJECT_VERSION = 1;
				DEVELOPMENT_TEAM = "";
				ENABLE_APP_SANDBOX = NO;
				GENERATE_INFOPLIST_FILE = YES;
				INFOPLIST_KEY_LSApplicationCategoryType = "public.app-category.utilities";
				INFOPLIST_KEY_NSHumanReadableCopyright = "";
				MACOSX_DEPLOYMENT_TARGET = 13.0;
				SDKROOT = macosx;
				SWIFT_VERSION = 5.0;
			};
			name = Debug;
		};
		D10000000000000000000004 /* Release */ = {
			isa = XCBuildConfiguration;
			buildSettings = {
				ALWAYS_SEARCH_USER_PATHS = NO;
				CLANG_ENABLE_MODULES = YES;
				CODE_SIGNING_ALLOWED = NO;
				CODE_SIGNING_REQUIRED = NO;
				CODE_SIGN_IDENTITY = "-";
				CURRENT_PROJECT_VERSION = 1;
				DEVELOPMENT_TEAM = "";
				ENABLE_APP_SANDBOX = NO;
				GENERATE_INFOPLIST_FILE = YES;
				INFOPLIST_KEY_LSApplicationCategoryType = "public.app-category.utilities";
				INFOPLIST_KEY_NSHumanReadableCopyright = "";
				MACOSX_DEPLOYMENT_TARGET = 13.0;
				SDKROOT = macosx;
				SWIFT_VERSION = 5.0;
			};
			name = Release;
		};
/* End XCBuildConfiguration section */

/* Begin XCConfigurationList section */
		C10000000000000000000009 /* Build configuration list for PBXNativeTarget "StickyNotes" */ = {
			isa = XCConfigurationList;
			buildConfigurations = (
				D10000000000000000000001 /* Debug */,
				D10000000000000000000002 /* Release */,
			);
			defaultConfigurationIsVisible = 0;
			defaultConfigurationName = Release;
		};
		C1000000000000000000000A /* Build configuration list for PBXProject "StickyNotes" */ = {
			isa = XCConfigurationList;
			buildConfigurations = (
				D10000000000000000000003 /* Debug */,
				D10000000000000000000004 /* Release */,
			);
			defaultConfigurationIsVisible = 0;
			defaultConfigurationName = Release;
		};
/* End XCConfigurationList section */
	};
	rootObject = C10000000000000000000008 /* Project object */;
}
